// !$*UTF8*$!
{
	archiveVersion = 1;
	classes = {
	};
	objectVersion = 50;
	objects = {

/* Begin PBXBuildFile section */
		BFE538FE21A5A58900ED8C9E /* AppDelegate.swift in Sources */ = {isa = PBXBuildFile; fileRef = BFE538FD21A5A58900ED8C9E /* AppDelegate.swift */; };
		BFE5390021A5A58900ED8C9E /* ViewController.swift in Sources */ = {isa = PBXBuildFile; fileRef = BFE538FF21A5A58900ED8C9E /* ViewController.swift */; };
		BFE5390321A5A58900ED8C9E /* Main.storyboard in Resources */ = {isa = PBXBuildFile; fileRef = BFE5390121A5A58900ED8C9E /* Main.storyboard */; };
		BFE5390621A5A58900ED8C9E /* PengukurBeratBadan.xcdatamodeld in Sources */ = {isa = PBXBuildFile; fileRef = BFE5390421A5A58900ED8C9E /* PengukurBeratBadan.xcdatamodeld */; };
		BFE5390821A5A58B00ED8C9E /* Assets.xcassets in Resources */ = {isa = PBXBuildFile; fileRef = BFE5390721A5A58B00ED8C9E /* Assets.xcassets */; };
		BFE5390B21A5A58B00ED8C9E /* LaunchScreen.storyboard in Resources */ = {isa = PBXBuildFile; fileRef = BFE5390921A5A58B00ED8C9E /* LaunchScreen.storyboard */; };
/* End PBXBuildFile section */

/* Begin PBXFileReference section */
		BFE538FA21A5A58900ED8C9E /* PengukurBeratBadan.app */ = {isa = PBXFileReference; explicitFileType = wrapper.application; includeInIndex = 0; path = PengukurBeratBadan.app; sourceTree = BUILT_PRODUCTS_DIR; };
		BFE538FD21A5A58900ED8C9E /* AppDelegate.swift */ = {isa = PBXFileReference; lastKnownFileType = sourcecode.swift; path = AppDelegate.swift; sourceTree = "<group>"; };
		BFE538FF21A5A58900ED8C9E /* ViewController.swift */ = {isa = PBXFileReference; lastKnownFileType = sourcecode.swift; path = ViewController.swift; sourceTree = "<group>"; };
		BFE5390221A5A58900ED8C9E /* Base */ = {isa = PBXFileReference; lastKnownFileType = file.storyboard; name = Base; path = Base.lproj/Main.storyboard; sourceTree = "<group>"; };
		BFE5390521A5A58900ED8C9E /* PengukurBeratBadan.xcdatamodel */ = {isa = PBXFileReference; lastKnownFileType = wrapper.xcdatamodel; path = PengukurBeratBadan.xcdatamodel; sourceTree = "<group>"; };
		BFE5390721A5A58B00ED8C9E /* Assets.xcassets */ = {isa = PBXFileReference; lastKnownFileType = folder.assetcatalog; path = Assets.xcassets; sourceTree = "<group>"; };
		BFE5390A21A5A58B00ED8C9E /* Base */ = {isa = PBXFileReference; lastKnownFileType = file.storyboard; name = Base; path = Base.lproj/LaunchScreen.storyboard; sourceTree = "<group>"; };
		BFE5390C21A5A58B00ED8C9E /* Info.plist */ = {isa = PBXFileReference; lastKnownFileType = text.plist.xml; path = Info.plist; sourceTree = "<group>"; };
/* End PBXFileReference section */

/* Begin PBXFrameworksBuildPhase section */
		BFE538F721A5A58900ED8C9E /* Frameworks */ = {
			isa = PBXFrameworksBuildPhase;
			buildActionMask = 2147483647;
			files = (
			);
			runOnlyForDeploymentPostprocessing = 0;
		};
/* End PBXFrameworksBuildPhase section */

/* Begin PBXGroup section */
		BFE538F121A5A58900ED8C9E = {
			isa = PBXGroup;
			children = (
				BFE538FC21A5A58900ED8C9E /* PengukurBeratBadan */,
				BFE538FB21A5A58900ED8C9E /* Products */,
			);
			sourceTree = "<group>";
		};
		BFE538FB21A5A58900ED8C9E /* Products */ = {
			isa = PBXGroup;
			children = (
				BFE538FA21A5A58900ED8C9E /* PengukurBeratBadan.app */,
			);
			name = Products;
			sourceTree = "<group>";
		};
		BFE538FC21A5A58900ED8C9E /* PengukurBeratBadan */ = {
			isa = PBXGroup;
			children = (
				BFE538FD21A5A58900ED8C9E /* AppDelegate.swift */,
				BFE538FF21A5A58900ED8C9E /* ViewController.swift */,
				BFE5390121A5A58900ED8C9E /* Main.storyboard */,
				BFE5390721A5A58B00ED8C9E /* Assets.xcassets */,
				BFE5390921A5A58B00ED8C9E /* LaunchScreen.storyboard */,
				BFE5390C21A5A58B00ED8C9E /* Info.plist */,
				BFE5390421A5A58900ED8C9E /* PengukurBeratBadan.xcdatamodeld */,
			);
			path = PengukurBeratBadan;
			sourceTree = "<group>";
		};
/* End PBXGroup section */

/* Begin PBXNativeTarget section */
		BFE538F921A5A58900ED8C9E /* PengukurBeratBadan */ = {
			isa = PBXNativeTarget;
			buildConfigurationList = BFE5390F21A5A58B00ED8C9E /* Build configuration list for PBXNativeTarget "PengukurBeratBadan" */;
			buildPhases = (
				BFE538F621A5A58900ED8C9E /* Sources */,
				BFE538F721A5A58900ED8C9E /* Frameworks */,
				BFE538F821A5A58900ED8C9E /* Resources */,
			);
			buildRules = (
			);
			dependencies = (
			);
			name = PengukurBeratBadan;
			productName = PengukurBeratBadan;
			productReference = BFE538FA21A5A58900ED8C9E /* PengukurBeratBadan.app */;
			productType = "com.apple.product-type.application";
		};
/* End PBXNativeTarget section */

/* Begin PBXProject section */
		BFE538F221A5A58900ED8C9E /* Project object */ = {
			isa = PBXProject;
			attributes = {
				LastSwiftUpdateCheck = 0940;
				LastUpgradeCheck = 0940;
				ORGANIZATIONNAME = Syams.org;
				TargetAttributes = {
					BFE538F921A5A58900ED8C9E = {
						CreatedOnToolsVersion = 9.4;
					};
				};
			};
			buildConfigurationList = BFE538F521A5A58900ED8C9E /* Build configuration list for PBXProject "PengukurBeratBadan" */;
			compatibilityVersion = "Xcode 9.3";
			developmentRegion = en;
			hasScannedForEncodings = 0;
			knownRegions = (
				en,
				Base,
			);
			mainGroup = BFE538F121A5A58900ED8C9E;
			productRefGroup = BFE538FB21A5A58900ED8C9E /* Products */;
			projectDirPath = "";
			projectRoot = "";
			targets = (
				BFE538F921A5A58900ED8C9E /* PengukurBeratBadan */,
			);
		};
/* End PBXProject section */

/* Begin PBXResourcesBuildPhase section */
		BFE538F821A5A58900ED8C9E /* Resources */ = {
			isa = PBXResourcesBuildPhase;
			buildActionMask = 2147483647;
			files = (
				BFE5390B21A5A58B00ED8C9E /* LaunchScreen.storyboard in Resources */,
				BFE5390821A5A58B00ED8C9E /* Assets.xcassets in Resources */,
				BFE5390321A5A58900ED8C9E /* Main.storyboard in Resources */,
			);
			runOnlyForDeploymentPostprocessing = 0;
		};
/* End PBXResourcesBuildPhase section */

/* Begin PBXSourcesBuildPhase section */
		BFE538F621A5A58900ED8C9E /* Sources */ = {
			isa = PBXSourcesBuildPhase;
			buildActionMask = 2147483647;
			files = (
				BFE5390021A5A58900ED8C9E /* ViewController.swift in Sources */,
				BFE5390621A5A58900ED8C9E /* PengukurBeratBadan.xcdatamodeld in Sources */,
				BFE538FE21A5A58900ED8C9E /* AppDelegate.swift in Sources */,
			);
			runOnlyForDeploymentPostprocessing = 0;
		};
/* End PBXSourcesBuildPhase section */

/* Begin PBXVariantGroup section */
		BFE5390121A5A58900ED8C9E /* Main.storyboard */ = {
			isa = PBXVariantGroup;
			children = (
				BFE5390221A5A58900ED8C9E /* Base */,
			);
			name = Main.storyboard;
			sourceTree = "<group>";
		};
		BFE5390921A5A58B00ED8C9E /* LaunchScreen.storyboard */ = {
			isa = PBXVariantGroup;
			children = (
				BFE5390A21A5A58B00ED8C9E /* Base */,
			);
			name = LaunchScreen.storyboard;
			sourceTree = "<group>";
		};
/* End PBXVariantGroup section */

/* Begin XCBuildConfiguration section */
		BFE5390D21A5A58B00ED8C9E /* Debug */ = {
			isa = XCBuildConfiguration;
			buildSettings = {
				ALWAYS_SEARCH_USER_PATHS = NO;
				CLANG_ANALYZER_NONNULL = YES;
				CLANG_ANALYZER_NUMBER_OBJECT_CONVERSION = YES_AGGRESSIVE;
				CLANG_CXX_LANGUAGE_STANDARD = "gnu++14";
				CLANG_CXX_LIBRARY = "libc++";
				CLANG_ENABLE_MODULES = YES;
				CLANG_ENABLE_OBJC_ARC = YES;
				CLANG_ENABLE_OBJC_WEAK = YES;
				CLANG_WARN_BLOCK_CAPTURE_AUTORELEASING = YES;
				CLANG_WARN_BOOL_CONVERSION = YES;
				CLANG_WARN_COMMA = YES;
				CLANG_WARN_CONSTANT_CONVERSION = YES;
				CLANG_WARN_DEPRECATED_OBJC_IMPLEMENTATIONS = YES;
				CLANG_WARN_DIRECT_OBJC_ISA_USAGE = YES_ERROR;
				CLANG_WARN_DOCUMENTATION_COMMENTS = YES;
				CLANG_WARN_EMPTY_BODY = YES;
				CLANG_WARN_ENUM_CONVERSION = YES;
				CLANG_WARN_INFINITE_RECURSION = YES;
				CLANG_WARN_INT_CONVERSION = YES;
				CLANG_WARN_NON_LITERAL_NULL_CONVERSION = YES;
				CLANG_WARN_OBJC_IMPLICIT_RETAIN_SELF = YES;
				CLANG_WARN_OBJC_LITERAL_CONVERSION = YES;
				CLANG_WARN_OBJC_ROOT_CLASS = YES_ERROR;
				CLANG_WARN_RANGE_LOOP_ANALYSIS = YES;
				CLANG_WARN_STRICT_PROTOTYPES = YES;
				CLANG_WARN_SUSPICIOUS_MOVE = YES;
				CLANG_WARN_UNGUARDED_AVAILABILITY = YES_AGGRESSIVE;
				CLANG_WARN_UNREACHABLE_CODE = YES;
				CLANG_WARN__DUPLICATE_METHOD_MATCH = YES;
				CODE_SIGN_IDENTITY = "iPhone Developer";
				COPY_PHASE_STRIP = NO;
				DEBUG_INFORMATION_FORMAT = dwarf;
				ENABLE_STRICT_OBJC_MSGSEND = YES;
				ENABLE_TESTABILITY = YES;
				GCC_C_LANGUAGE_STANDARD = gnu11;
				GCC_DYNAMIC_NO_PIC = NO;
				GCC_NO_COMMON_BLOCKS = YES;
				GCC_OPTIMIZATION_LEVEL = 0;
				GCC_PREPROCESSOR_DEFINITIONS = (
					"DEBUG=1",
					"$(inherited)",
				);
				GCC_WARN_64_TO_32_BIT_CONVERSION = YES;
				GCC_WARN_ABOUT_RETURN_TYPE = YES_ERROR;
				GCC_WARN_UNDECLARED_SELECTOR = YES;
				GCC_WARN_UNINITIALIZED_AUTOS = YES_AGGRESSIVE;
				GCC_WARN_UNUSED_FUNCTION = YES;
				GCC_WARN_UNUSED_VARIABLE = YES;
				IPHONEOS_DEPLOYMENT_TARGET = 11.4;
				MTL_ENABLE_DEBUG_INFO = YES;
				ONLY_ACTIVE_ARCH = YES;
				SDKROOT = iphoneos;
				SWIFT_ACTIVE_COMPILATION_CONDITIONS = DEBUG;
				SWIFT_OPTIMIZATION_LEVEL = "-Onone";
			};
			name = Debug;
		};
		BFE5390E21A5A58B00ED8C9E /* Release */ = {
			isa = XCBuildConfiguration;
			buildSettings = {
				ALWAYS_SEARCH_USER_PATHS = NO;
				CLANG_ANALYZER_NONNULL = YES;
				CLANG_ANALYZER_NUMBER_OBJECT_CONVERSION = YES_AGGRESSIVE;
				CLANG_CXX_LANGUAGE_STANDARD = "gnu++14";
				CLANG_CXX_LIBRARY = "libc++";
				CLANG_ENABLE_MODULES = YES;
				CLANG_ENABLE_OBJC_ARC = YES;
				CLANG_ENABLE_OBJC_WEAK = YES;
				CLANG_WARN_BLOCK_CAPTURE_AUTORELEASING = YES;
				CLANG_WARN_BOOL_CONVERSION = YES;
				CLANG_WARN_COMMA = YES;
				CLANG_WARN_CONSTANT_CONVERSION = YES;
				CLANG_WARN_DEPRECATED_OBJC_IMPLEMENTATIONS = YES;
				CLANG_WARN_DIRECT_OBJC_ISA_USAGE = YES_ERROR;
				CLANG_WARN_DOCUMENTATION_COMMENTS = YES;
				CLANG_WARN_EMPTY_BODY = YES;
				CLANG_WARN_ENUM_CONVERSION = YES;
				CLANG_WARN_INFINITE_RECURSION = YES;
				CLANG_WARN_INT_CONVERSION = YES;
				CLANG_WARN_NON_LITERAL_NULL_CONVERSION = YES;
				CLANG_WARN_OBJC_IMPLICIT_RETAIN_SELF = YES;
				CLANG_WARN_OBJC_LITERAL_CONVERSION = YES;
				CLANG_WARN_OBJC_ROOT_CLASS = YES_ERROR;
				CLANG_WARN_RANGE_LOOP_ANALYSIS = YES;
				CLANG_WARN_STRICT_PROTOTYPES = YES;
				CLANG_WARN_SUSPICIOUS_MOVE = YES;
				CLANG_WARN_UNGUARDED_AVAILABILITY = YES_AGGRESSIVE;
				CLANG_WARN_UNREACHABLE_CODE = YES;
				CLANG_WARN__DUPLICATE_METHOD_MATCH = YES;
				CODE_SIGN_IDENTITY = "iPhone Developer";
				COPY_PHASE_STRIP = NO;
				DEBUG_INFORMATION_FORMAT = "dwarf-with-dsym";
				ENABLE_NS_ASSERTIONS = NO;
				ENABLE_STRICT_OBJC_MSGSEND = YES;
				GCC_C_LANGUAGE_STANDARD = gnu11;
				GCC_NO_COMMON_BLOCKS = YES;
				GCC_WARN_64_TO_32_BIT_CONVERSION = YES;
				GCC_WARN_ABOUT_RETURN_TYPE = YES_ERROR;
				GCC_WARN_UNDECLARED_SELECTOR = YES;
				GCC_WARN_UNINITIALIZED_AUTOS = YES_AGGRESSIVE;
				GCC_WARN_UNUSED_FUNCTION = YES;
				GCC_WARN_UNUSED_VARIABLE = YES;
				IPHONEOS_DEPLOYMENT_TARGET = 11.4;
				MTL_ENABLE_DEBUG_INFO = NO;
				SDKROOT = iphoneos;
				SWIFT_COMPILATION_MODE = wholemodule;
				SWIFT_OPTIMIZATION_LEVEL = "-O";
				VALIDATE_PRODUCT = YES;
			};
			name = Release;
		};
		BFE5391021A5A58B00ED8C9E /* Debug */ = {
			isa = XCBuildConfiguration;
			buildSettings = {
				ASSETCATALOG_COMPILER_APPICON_NAME = AppIcon;
				CODE_SIGN_STYLE = Automatic;
				INFOPLIST_FILE = PengukurBeratBadan/Info.plist;
				LD_RUNPATH_SEARCH_PATHS = (
					"$(inherited)",
					"@executable_path/Frameworks",
				);
				PRODUCT_BUNDLE_IDENTIFIER = syamsorg.PengukurBeratBadan;
				PRODUCT_NAME = "$(TARGET_NAME)";
				SWIFT_VERSION = 4.0;
				TARGETED_DEVICE_FAMILY = "1,2";
			};
			name = Debug;
		};
		BFE5391121A5A58B00ED8C9E /* Release */ = {
			isa = XCBuildConfiguration;
			buildSettings = {
				ASSETCATALOG_COMPILER_APPICON_NAME = AppIcon;
				CODE_SIGN_STYLE = Automatic;
				INFOPLIST_FILE = PengukurBeratBadan/Info.plist;
				LD_RUNPATH_SEARCH_PATHS = (
					"$(inherited)",
					"@executable_path/Frameworks",
				);
				PRODUCT_BUNDLE_IDENTIFIER = syamsorg.PengukurBeratBadan;
				PRODUCT_NAME = "$(TARGET_NAME)";
				SWIFT_VERSION = 4.0;
				TARGETED_DEVICE_FAMILY = "1,2";
			};
			name = Release;
		};
/* End XCBuildConfiguration section */

/* Begin XCConfigurationList section */
		BFE538F521A5A58900ED8C9E /* Build configuration list for PBXProject "PengukurBeratBadan" */ = {
			isa = XCConfigurationList;
			buildConfigurations = (
				BFE5390D21A5A58B00ED8C9E /* Debug */,
				BFE5390E21A5A58B00ED8C9E /* Release */,
			);
			defaultConfigurationIsVisible = 0;
			defaultConfigurationName = Release;
		};
		BFE5390F21A5A58B00ED8C9E /* Build configuration list for PBXNativeTarget "PengukurBeratBadan" */ = {
			isa = XCConfigurationList;
			buildConfigurations = (
				BFE5391021A5A58B00ED8C9E /* Debug */,
				BFE5391121A5A58B00ED8C9E /* Release */,
			);
			defaultConfigurationIsVisible = 0;
			defaultConfigurationName = Release;
		};
/* End XCConfigurationList section */

/* Begin XCVersionGroup section */
		BFE5390421A5A58900ED8C9E /* PengukurBeratBadan.xcdatamodeld */ = {
			isa = XCVersionGroup;
			children = (
				BFE5390521A5A58900ED8C9E /* PengukurBeratBadan.xcdatamodel */,
			);
			currentVersion = BFE5390521A5A58900ED8C9E /* PengukurBeratBadan.xcdatamodel */;
			path = PengukurBeratBadan.xcdatamodeld;
			sourceTree = "<group>";
			versionGroupType = wrapper.xcdatamodel;
		};
/* End XCVersionGroup section */
	};
	rootObject = BFE538F221A5A58900ED8C9E /* Project object */;
}
